
Microsoft Visual Studio Solution File, Format Version 12.00
Project("{2150E333-8FDC-42A3-9474-1A3956D46DE8}") = "1-Sintaxe", "1-Sintaxe", "{A5FB4854-6148-4949-B03A-9FEF93EBE1AF}"
EndProject
Project("{FAE04EC0-301F-11D3-BF4B-00C04F79EFBC}") = "1_HelloWorld", "1_HelloWorld\1_HelloWorld.csproj", "{DFC6431C-CE4B-489E-9F93-909964695B33}"
EndProject
Project("{FAE04EC0-301F-11D3-BF4B-00C04F79EFBC}") = "2_OOP", "2_OOP\2_OOP.csproj", "{7FF71922-018E-41C9-A88F-680F7CE30F65}"
EndProject
Project("{FAE04EC0-301F-11D3-BF4B-00C04F79EFBC}") = "3_LINQ", "3_LINQ\3_LINQ.csproj", "{0396DC18-4267-4227-831C-2EA23A4CB4FC}"
EndProject
Project("{FAE04EC0-301F-11D3-BF4B-00C04F79EFBC}") = "4_WebScraping", "4_WebScraping\4_WebScraping.csproj", "{00C8FF13-9356-4BCA-B88D-07FC2D91DF7A}"
EndProject
Project("{2150E333-8FDC-42A3-9474-1A3956D46DE8}") = "2-EF", "2-EF", "{C42B42DB-EA95-4255-B04A-4254E92F76FD}"
EndProject
Project("{FAE04EC0-301F-11D3-BF4B-00C04F79EFBC}") = "5_EntityFrameqorkSqlLite", "5_EntityFrameqorkSqlLite\5_EntityFrameqorkSqlLite.csproj", "{9A851D5A-62EE-4535-8F5F-9181D2A26CBC}"
EndProject
Project("{FAE04EC0-301F-11D3-BF4B-00C04F79EFBC}") = "6_EntityFrameworkOracle", "6_EntityFrameworkOracle\6_EntityFrameworkOracle.csproj", "{4D99DA1D-2E5E-4B91-85D8-DF2FD430D6E7}"
EndProject
Project("{2150E333-8FDC-42A3-9474-1A3956D46DE8}") = "3-Web", "3-Web", "{2FAC08FE-A984-4637-97E3-2826C745A14C}"
EndProject
Project("{FAE04EC0-301F-11D3-BF4B-00C04F79EFBC}") = "TodoApp", "TodoApp\TodoApp.csproj", "{BE9904D3-BB9B-4E81-AF84-F85CC9AE3A92}"
EndProject
Global
	GlobalSection(SolutionConfigurationPlatforms) = preSolution
		Debug|Any CPU = Debug|Any CPU
		Release|Any CPU = Release|Any CPU
	EndGlobalSection
	GlobalSection(NestedProjects) = preSolution
		{DFC6431C-CE4B-489E-9F93-909964695B33} = {A5FB4854-6148-4949-B03A-9FEF93EBE1AF}
		{7FF71922-018E-41C9-A88F-680F7CE30F65} = {A5FB4854-6148-4949-B03A-9FEF93EBE1AF}
		{0396DC18-4267-4227-831C-2EA23A4CB4FC} = {A5FB4854-6148-4949-B03A-9FEF93EBE1AF}
		{00C8FF13-9356-4BCA-B88D-07FC2D91DF7A} = {A5FB4854-6148-4949-B03A-9FEF93EBE1AF}
		{9A851D5A-62EE-4535-8F5F-9181D2A26CBC} = {C42B42DB-EA95-4255-B04A-4254E92F76FD}
		{4D99DA1D-2E5E-4B91-85D8-DF2FD430D6E7} = {C42B42DB-EA95-4255-B04A-4254E92F76FD}
		{BE9904D3-BB9B-4E81-AF84-F85CC9AE3A92} = {2FAC08FE-A984-4637-97E3-2826C745A14C}
	EndGlobalSection
	GlobalSection(ProjectConfigurationPlatforms) = postSolution
		{DFC6431C-CE4B-489E-9F93-909964695B33}.Debug|Any CPU.ActiveCfg = Debug|Any CPU
		{DFC6431C-CE4B-489E-9F93-909964695B33}.Debug|Any CPU.Build.0 = Debug|Any CPU
		{DFC6431C-CE4B-489E-9F93-909964695B33}.Release|Any CPU.ActiveCfg = Release|Any CPU
		{DFC6431C-CE4B-489E-9F93-909964695B33}.Release|Any CPU.Build.0 = Release|Any CPU
		{7FF71922-018E-41C9-A88F-680F7CE30F65}.Debug|Any CPU.ActiveCfg = Debug|Any CPU
		{7FF71922-018E-41C9-A88F-680F7CE30F65}.Debug|Any CPU.Build.0 = Debug|Any CPU
		{7FF71922-018E-41C9-A88F-680F7CE30F65}.Release|Any CPU.ActiveCfg = Release|Any CPU
		{7FF71922-018E-41C9-A88F-680F7CE30F65}.Release|Any CPU.Build.0 = Release|Any CPU
		{0396DC18-4267-4227-831C-2EA23A4CB4FC}.Debug|Any CPU.ActiveCfg = Debug|Any CPU
		{0396DC18-4267-4227-831C-2EA23A4CB4FC}.Debug|Any CPU.Build.0 = Debug|Any CPU
		{0396DC18-4267-4227-831C-2EA23A4CB4FC}.Release|Any CPU.ActiveCfg = Release|Any CPU
		{0396DC18-4267-4227-831C-2EA23A4CB4FC}.Release|Any CPU.Build.0 = Release|Any CPU
		{00C8FF13-9356-4BCA-B88D-07FC2D91DF7A}.Debug|Any CPU.ActiveCfg = Debug|Any CPU
		{00C8FF13-9356-4BCA-B88D-07FC2D91DF7A}.Debug|Any CPU.Build.0 = Debug|Any CPU
		{00C8FF13-9356-4BCA-B88D-07FC2D91DF7A}.Release|Any CPU.ActiveCfg = Release|Any CPU
		{00C8FF13-9356-4BCA-B88D-07FC2D91DF7A}.Release|Any CPU.Build.0 = Release|Any CPU
		{9A851D5A-62EE-4535-8F5F-9181D2A26CBC}.Debug|Any CPU.ActiveCfg = Debug|Any CPU
		{9A851D5A-62EE-4535-8F5F-9181D2A26CBC}.Debug|Any CPU.Build.0 = Debug|Any CPU
		{9A851D5A-62EE-4535-8F5F-9181D2A26CBC}.Release|Any CPU.ActiveCfg = Release|Any CPU
		{9A851D5A-62EE-4535-8F5F-9181D2A26CBC}.Release|Any CPU.Build.0 = Release|Any CPU
		{4D99DA1D-2E5E-4B91-85D8-DF2FD430D6E7}.Debug|Any CPU.ActiveCfg = Debug|Any CPU
		{4D99DA1D-2E5E-4B91-85D8-DF2FD430D6E7}.Debug|Any CPU.Build.0 = Debug|Any CPU
		{4D99DA1D-2E5E-4B91-85D8-DF2FD430D6E7}.Release|Any CPU.ActiveCfg = Release|Any CPU
		{4D99DA1D-2E5E-4B91-85D8-DF2FD430D6E7}.Release|Any CPU.Build.0 = Release|Any CPU
		{BE9904D3-BB9B-4E81-AF84-F85CC9AE3A92}.Debug|Any CPU.ActiveCfg = Debug|Any CPU
		{BE9904D3-BB9B-4E81-AF84-F85CC9AE3A92}.Debug|Any CPU.Build.0 = Debug|Any CPU
		{BE9904D3-BB9B-4E81-AF84-F85CC9AE3A92}.Release|Any CPU.ActiveCfg = Release|Any CPU
		{BE9904D3-BB9B-4E81-AF84-F85CC9AE3A92}.Release|Any CPU.Build.0 = Release|Any CPU
	EndGlobalSection
EndGlobal
