
Microsoft Visual Studio Solution File, Format Version 12.00
Project("{2150E333-8FDC-42A3-9474-1A3956D46DE8}") = "1-Sintaxe", "1-Sintaxe", "{A5FB4854-6148-4949-B03A-9FEF93EBE1AF}"
EndProject
Project("{FAE04EC0-301F-11D3-BF4B-00C04F79EFBC}") = "1_HelloWorld", "1_HelloWorld\1_HelloWorld.csproj", "{DFC6431C-CE4B-489E-9F93-909964695B33}"
EndProject
Project("{FAE04EC0-301F-11D3-BF4B-00C04F79EFBC}") = "2_OOP", "2_OOP\2_OOP.csproj", "{7FF71922-018E-41C9-A88F-680F7CE30F65}"
EndProject
Global
	GlobalSection(SolutionConfigurationPlatforms) = preSolution
		Debug|Any CPU = Debug|Any CPU
		Release|Any CPU = Release|Any CPU
	EndGlobalSection
	GlobalSection(NestedProjects) = preSolution
		{DFC6431C-CE4B-489E-9F93-909964695B33} = {A5FB4854-6148-4949-B03A-9FEF93EBE1AF}
		{7FF71922-018E-41C9-A88F-680F7CE30F65} = {A5FB4854-6148-4949-B03A-9FEF93EBE1AF}
	EndGlobalSection
	GlobalSection(ProjectConfigurationPlatforms) = postSolution
		{DFC6431C-CE4B-489E-9F93-909964695B33}.Debug|Any CPU.ActiveCfg = Debug|Any CPU
		{DFC6431C-CE4B-489E-9F93-909964695B33}.Debug|Any CPU.Build.0 = Debug|Any CPU
		{DFC6431C-CE4B-489E-9F93-909964695B33}.Release|Any CPU.ActiveCfg = Release|Any CPU
		{DFC6431C-CE4B-489E-9F93-909964695B33}.Release|Any CPU.Build.0 = Release|Any CPU
		{7FF71922-018E-41C9-A88F-680F7CE30F65}.Debug|Any CPU.ActiveCfg = Debug|Any CPU
		{7FF71922-018E-41C9-A88F-680F7CE30F65}.Debug|Any CPU.Build.0 = Debug|Any CPU
		{7FF71922-018E-41C9-A88F-680F7CE30F65}.Release|Any CPU.ActiveCfg = Release|Any CPU
		{7FF71922-018E-41C9-A88F-680F7CE30F65}.Release|Any CPU.Build.0 = Release|Any CPU
	EndGlobalSection
EndGlobal
